
Microsoft Visual Studio Solution File, Format Version 12.00
# Visual Studio Version 17
VisualStudioVersion = 17.3.32929.385
MinimumVisualStudioVersion = 10.0.40219.1
Project("{9A19103F-16F7-4668-BE54-9A1E7A4F7556}") = "app", "app\app.csproj", "{132F2C92-0977-43B3-9F3B-12AE4BB40C60}"
EndProject
Project("{9A19103F-16F7-4668-BE54-9A1E7A4F7556}") = "app.tests", "app.tests\app.tests.csproj", "{F28E6643-BC42-404F-9724-75EFA0830054}"
EndProject
Project("{2150E333-8FDC-42A3-9474-1A3956D46DE8}") = "Solution Items", "Solution Items", "{88E721F4-4511-4499-8A5C-903F093AFC6E}"
	ProjectSection(SolutionItems) = preProject
		ci\build-bot-sa.yml = ci\build-bot-sa.yml
		ci\docker-io-secret.yml = ci\docker-io-secret.yml
		ci\github-ssh-private-key.yml = ci\github-ssh-private-key.yml
		ci\pipeline-alpha-cm.yml = ci\pipeline-alpha-cm.yml
		ci\pipeline-alpha-route.yml = ci\pipeline-alpha-route.yml
		pipeline-dc.yml = pipeline-dc.yml
		ci\pipeline-run.yml = ci\pipeline-run.yml
		ci\pipeline-source-pvc.yml = ci\pipeline-source-pvc.yml
		ci\pipeline-svc.yml = ci\pipeline-svc.yml
		ci\pipeline.yml = ci\pipeline.yml
	EndProjectSection
EndProject
Global
	GlobalSection(SolutionConfigurationPlatforms) = preSolution
		Debug|Any CPU = Debug|Any CPU
		Release|Any CPU = Release|Any CPU
	EndGlobalSection
	GlobalSection(ProjectConfigurationPlatforms) = postSolution
		{132F2C92-0977-43B3-9F3B-12AE4BB40C60}.Debug|Any CPU.ActiveCfg = Debug|Any CPU
		{132F2C92-0977-43B3-9F3B-12AE4BB40C60}.Debug|Any CPU.Build.0 = Debug|Any CPU
		{132F2C92-0977-43B3-9F3B-12AE4BB40C60}.Release|Any CPU.ActiveCfg = Release|Any CPU
		{132F2C92-0977-43B3-9F3B-12AE4BB40C60}.Release|Any CPU.Build.0 = Release|Any CPU
		{F28E6643-BC42-404F-9724-75EFA0830054}.Debug|Any CPU.ActiveCfg = Debug|Any CPU
		{F28E6643-BC42-404F-9724-75EFA0830054}.Debug|Any CPU.Build.0 = Debug|Any CPU
		{F28E6643-BC42-404F-9724-75EFA0830054}.Release|Any CPU.ActiveCfg = Release|Any CPU
		{F28E6643-BC42-404F-9724-75EFA0830054}.Release|Any CPU.Build.0 = Release|Any CPU
	EndGlobalSection
	GlobalSection(SolutionProperties) = preSolution
		HideSolutionNode = FALSE
	EndGlobalSection
	GlobalSection(ExtensibilityGlobals) = postSolution
		SolutionGuid = {2B82D0D7-5DCF-4914-8138-7BB7215D8652}
	EndGlobalSection
EndGlobal
